{"is_source_file": false, "format": "", "description": "", "external_files": [], "external_methods": [], "published": [], "classes": [], "methods": [], "calls": [], "search-terms": [], "state": 2, "file_id": 40, "knowledge_revision": 107, "git_revision": "", "hash": "e9b4c3b42cef0193b7fddb548d37e652", "format-version": 4, "code-base-name": "finance_backend", "filename": "post_process_status.lock", "revision_history": [{"107": ""}]}